
Microsoft Visual Studio Solution File, Format Version 12.00
# Visual Studio Version 16
VisualStudioVersion = 16.0.31205.134
MinimumVisualStudioVersion = 10.0.40219.1
Project("{FAE04EC0-301F-11D3-BF4B-00C04F79EFBC}") = "VentaRepuestos.Consola", "VentaRepuestos.Consola\VentaRepuestos.Consola.csproj", "{F3095603-823A-4A01-AA70-EA4505E7E71E}"
EndProject
Project("{FAE04EC0-301F-11D3-BF4B-00C04F79EFBC}") = "VentaRepuestos.Libreria", "VentaRepuestos.Libreria\VentaRepuestos.Libreria.csproj", "{CF32127C-5A7F-4069-A318-0FE86FE62EFF}"
EndProject
Project("{FAE04EC0-301F-11D3-BF4B-00C04F79EFBC}") = "RepuestosGUI", "RepuestosGUI\RepuestosGUI.csproj", "{F955120D-1091-4028-874F-AF796EDB164C}"
EndProject
Global
	GlobalSection(SolutionConfigurationPlatforms) = preSolution
		Debug|Any CPU = Debug|Any CPU
		Release|Any CPU = Release|Any CPU
	EndGlobalSection
	GlobalSection(ProjectConfigurationPlatforms) = postSolution
		{F3095603-823A-4A01-AA70-EA4505E7E71E}.Debug|Any CPU.ActiveCfg = Debug|Any CPU
		{F3095603-823A-4A01-AA70-EA4505E7E71E}.Debug|Any CPU.Build.0 = Debug|Any CPU
		{F3095603-823A-4A01-AA70-EA4505E7E71E}.Release|Any CPU.ActiveCfg = Release|Any CPU
		{F3095603-823A-4A01-AA70-EA4505E7E71E}.Release|Any CPU.Build.0 = Release|Any CPU
		{CF32127C-5A7F-4069-A318-0FE86FE62EFF}.Debug|Any CPU.ActiveCfg = Debug|Any CPU
		{CF32127C-5A7F-4069-A318-0FE86FE62EFF}.Debug|Any CPU.Build.0 = Debug|Any CPU
		{CF32127C-5A7F-4069-A318-0FE86FE62EFF}.Release|Any CPU.ActiveCfg = Release|Any CPU
		{CF32127C-5A7F-4069-A318-0FE86FE62EFF}.Release|Any CPU.Build.0 = Release|Any CPU
		{F955120D-1091-4028-874F-AF796EDB164C}.Debug|Any CPU.ActiveCfg = Debug|Any CPU
		{F955120D-1091-4028-874F-AF796EDB164C}.Debug|Any CPU.Build.0 = Debug|Any CPU
		{F955120D-1091-4028-874F-AF796EDB164C}.Release|Any CPU.ActiveCfg = Release|Any CPU
		{F955120D-1091-4028-874F-AF796EDB164C}.Release|Any CPU.Build.0 = Release|Any CPU
	EndGlobalSection
	GlobalSection(SolutionProperties) = preSolution
		HideSolutionNode = FALSE
	EndGlobalSection
	GlobalSection(ExtensibilityGlobals) = postSolution
		SolutionGuid = {BF817ACC-FDE8-4ACF-8159-4F20A15C8540}
	EndGlobalSection
EndGlobal
